// !$*UTF8*$!
{
	archiveVersion = 1;
	classes = {
	};
	objectVersion = 51;
	objects = {

/* Begin PBXBuildFile section */
		0503BDDB23A83B6E004BA92B /* IdentifiableAnnotation.swift in Sources */ = {isa = PBXBuildFile; fileRef = 0503BDDA23A83B6E004BA92B /* IdentifiableAnnotation.swift */; };
		0503BDE123A96379004BA92B /* NavigationReducerTests.swift in Sources */ = {isa = PBXBuildFile; fileRef = 0503BDE023A96379004BA92B /* NavigationReducerTests.swift */; };
		0503BDE423A964D0004BA92B /* RestaurantDetailsViewControllerTests.swift in Sources */ = {isa = PBXBuildFile; fileRef = 0503BDE323A964D0004BA92B /* RestaurantDetailsViewControllerTests.swift */; };
		0503BDE723A96BC7004BA92B /* MockFourSquareClient.swift in Sources */ = {isa = PBXBuildFile; fileRef = 0503BDE623A96BC7004BA92B /* MockFourSquareClient.swift */; };
		0503BDEA23A96C11004BA92B /* FourSquareClientTests.swift in Sources */ = {isa = PBXBuildFile; fileRef = 0503BDE923A96C11004BA92B /* FourSquareClientTests.swift */; };
		0503BDEC23A96E70004BA92B /* ClientActions.swift in Sources */ = {isa = PBXBuildFile; fileRef = 0503BDEB23A96E70004BA92B /* ClientActions.swift */; };
		0503BDEE23A96FB6004BA92B /* ClientState.swift in Sources */ = {isa = PBXBuildFile; fileRef = 0503BDED23A96FB6004BA92B /* ClientState.swift */; };
		0503BDF023A9700B004BA92B /* ClientReducer.swift in Sources */ = {isa = PBXBuildFile; fileRef = 0503BDEF23A9700B004BA92B /* ClientReducer.swift */; };
		0503BDF223AA8D5B004BA92B /* FSPhoto.swift in Sources */ = {isa = PBXBuildFile; fileRef = 0503BDF123AA8D5B004BA92B /* FSPhoto.swift */; };
		0503BDF523AAB411004BA92B /* FSVenueTests.swift in Sources */ = {isa = PBXBuildFile; fileRef = 0503BDF423AAB411004BA92B /* FSVenueTests.swift */; };
		05FCDBAC23A802950010E993 /* AppDelegate.swift in Sources */ = {isa = PBXBuildFile; fileRef = 05FCDBAB23A802950010E993 /* AppDelegate.swift */; };
		05FCDBAE23A802950010E993 /* SceneDelegate.swift in Sources */ = {isa = PBXBuildFile; fileRef = 05FCDBAD23A802950010E993 /* SceneDelegate.swift */; };
		05FCDBB523A802960010E993 /* Assets.xcassets in Resources */ = {isa = PBXBuildFile; fileRef = 05FCDBB423A802960010E993 /* Assets.xcassets */; };
		05FCDBB823A802960010E993 /* LaunchScreen.storyboard in Resources */ = {isa = PBXBuildFile; fileRef = 05FCDBB623A802960010E993 /* LaunchScreen.storyboard */; };
		05FCDBCE23A802960010E993 /* dottUITests.swift in Sources */ = {isa = PBXBuildFile; fileRef = 05FCDBCD23A802960010E993 /* dottUITests.swift */; };
		05FCDBF123A806030010E993 /* dottDataKit.framework in Frameworks */ = {isa = PBXBuildFile; fileRef = 05FCDBE823A806030010E993 /* dottDataKit.framework */; };
		05FCDBF823A806030010E993 /* dottDataKitTests.swift in Sources */ = {isa = PBXBuildFile; fileRef = 05FCDBF723A806030010E993 /* dottDataKitTests.swift */; };
		05FCDBFA23A806030010E993 /* dottDataKit.h in Headers */ = {isa = PBXBuildFile; fileRef = 05FCDBEA23A806030010E993 /* dottDataKit.h */; settings = {ATTRIBUTES = (Public, ); }; };
		05FCDBFD23A806030010E993 /* dottDataKit.framework in Frameworks */ = {isa = PBXBuildFile; fileRef = 05FCDBE823A806030010E993 /* dottDataKit.framework */; };
		05FCDBFE23A806030010E993 /* dottDataKit.framework in Embed Frameworks */ = {isa = PBXBuildFile; fileRef = 05FCDBE823A806030010E993 /* dottDataKit.framework */; settings = {ATTRIBUTES = (CodeSignOnCopy, RemoveHeadersOnCopy, ); }; };
		05FCDC0923A806C00010E993 /* FourSquareService.swift in Sources */ = {isa = PBXBuildFile; fileRef = 05FCDC0823A806C00010E993 /* FourSquareService.swift */; };
		05FCDC0C23A807400010E993 /* FourSquareClient.swift in Sources */ = {isa = PBXBuildFile; fileRef = 05FCDC0B23A807400010E993 /* FourSquareClient.swift */; };
		05FCDC0E23A807700010E993 /* FourSquareClientProtocol.swift in Sources */ = {isa = PBXBuildFile; fileRef = 05FCDC0D23A807700010E993 /* FourSquareClientProtocol.swift */; };
		05FCDC1123A807EF0010E993 /* Fixtures.xcassets in Resources */ = {isa = PBXBuildFile; fileRef = 05FCDC1023A807EF0010E993 /* Fixtures.xcassets */; };
		05FCDC1423A808740010E993 /* StringExtensions.swift in Sources */ = {isa = PBXBuildFile; fileRef = 05FCDC1323A808740010E993 /* StringExtensions.swift */; };
		05FCDC1723A808F40010E993 /* RestaurantsViewController.storyboard in Resources */ = {isa = PBXBuildFile; fileRef = 05FCDC1623A808F40010E993 /* RestaurantsViewController.storyboard */; };
		05FCDC1923A8090A0010E993 /* RestaurantsViewController.swift in Sources */ = {isa = PBXBuildFile; fileRef = 05FCDC1823A8090A0010E993 /* RestaurantsViewController.swift */; };
		05FCDC1B23A809960010E993 /* AppState.swift in Sources */ = {isa = PBXBuildFile; fileRef = 05FCDC1A23A809960010E993 /* AppState.swift */; };
		05FCDC1D23A809B10010E993 /* AppActions.swift in Sources */ = {isa = PBXBuildFile; fileRef = 05FCDC1C23A809B10010E993 /* AppActions.swift */; };
		05FCDC1F23A809C70010E993 /* AppReeducer.swift in Sources */ = {isa = PBXBuildFile; fileRef = 05FCDC1E23A809C70010E993 /* AppReeducer.swift */; };
		05FCDC2423A80BF60010E993 /* AppCoordinator.swift in Sources */ = {isa = PBXBuildFile; fileRef = 05FCDC2323A80BF60010E993 /* AppCoordinator.swift */; };
		05FCDC2623A80D9A0010E993 /* FSResponse.swift in Sources */ = {isa = PBXBuildFile; fileRef = 05FCDC2523A80D9A0010E993 /* FSResponse.swift */; };
		05FCDC2723A80F030010E993 /* FSVenue.swift in Sources */ = {isa = PBXBuildFile; fileRef = 05FCDBDF23A8053B0010E993 /* FSVenue.swift */; };
		05FCDC2823A80F050010E993 /* FSLocation.swift in Sources */ = {isa = PBXBuildFile; fileRef = 05FCDBE123A805690010E993 /* FSLocation.swift */; };
		05FCDC2C23A815670010E993 /* FSMeta.swift in Sources */ = {isa = PBXBuildFile; fileRef = 05FCDC2B23A815670010E993 /* FSMeta.swift */; };
		05FCDC3223A820260010E993 /* AppReducerTests.swift in Sources */ = {isa = PBXBuildFile; fileRef = 05FCDC3123A820260010E993 /* AppReducerTests.swift */; };
		05FCDC3423A821550010E993 /* MapKit.framework in Frameworks */ = {isa = PBXBuildFile; fileRef = 05FCDC3323A821550010E993 /* MapKit.framework */; };
		05FCDC3623A822AE0010E993 /* AppError.swift in Sources */ = {isa = PBXBuildFile; fileRef = 05FCDC3523A822AE0010E993 /* AppError.swift */; };
		05FCDC3823A823990010E993 /* AppErrorTests.swift in Sources */ = {isa = PBXBuildFile; fileRef = 05FCDC3723A823990010E993 /* AppErrorTests.swift */; };
		05FCDC3A23A8268F0010E993 /* FSResponseBody.swift in Sources */ = {isa = PBXBuildFile; fileRef = 05FCDC3923A8268F0010E993 /* FSResponseBody.swift */; };
		05FCDC3C23A831130010E993 /* NavigationState.swift in Sources */ = {isa = PBXBuildFile; fileRef = 05FCDC3B23A831130010E993 /* NavigationState.swift */; };
		05FCDC3E23A8319C0010E993 /* NavigationActions.swift in Sources */ = {isa = PBXBuildFile; fileRef = 05FCDC3D23A8319C0010E993 /* NavigationActions.swift */; };
		05FCDC4023A831B40010E993 /* NavigationReducer.swift in Sources */ = {isa = PBXBuildFile; fileRef = 05FCDC3F23A831B40010E993 /* NavigationReducer.swift */; };
		05FCDC4223A833880010E993 /* RestaurantDetailsViewController.storyboard in Resources */ = {isa = PBXBuildFile; fileRef = 05FCDC4123A833880010E993 /* RestaurantDetailsViewController.storyboard */; };
		05FCDC4423A8339E0010E993 /* RestaurantDetailsViewController.swift in Sources */ = {isa = PBXBuildFile; fileRef = 05FCDC4323A8339E0010E993 /* RestaurantDetailsViewController.swift */; };
		07606B9BCF8947149539180C /* Pods_dottDataKitTests.framework in Frameworks */ = {isa = PBXBuildFile; fileRef = 1FD64C4893CAA99E1A7E0B00 /* Pods_dottDataKitTests.framework */; };
		0B3F2864319F8B7A82D3E16E /* Pods_dottTests.framework in Frameworks */ = {isa = PBXBuildFile; fileRef = 5620A1CB0285F29552AF957B /* Pods_dottTests.framework */; };
		1513EF11434240F87D8F22EE /* Pods_dott_dottUITests.framework in Frameworks */ = {isa = PBXBuildFile; fileRef = DB1800B9880188CDFDC4FC4C /* Pods_dott_dottUITests.framework */; };
		A273EDC394BD90D245118B89 /* Pods_dott.framework in Frameworks */ = {isa = PBXBuildFile; fileRef = 5658C0DA48EF9CC5EF668164 /* Pods_dott.framework */; };
		DEEDAA750EC19AED465E503C /* Pods_dottDataKit.framework in Frameworks */ = {isa = PBXBuildFile; fileRef = 0342599B22D4BA54A8564678 /* Pods_dottDataKit.framework */; };
/* End PBXBuildFile section */

/* Begin PBXContainerItemProxy section */
		05FCDBBF23A802960010E993 /* PBXContainerItemProxy */ = {
			isa = PBXContainerItemProxy;
			containerPortal = 05FCDBA023A802950010E993 /* Project object */;
			proxyType = 1;
			remoteGlobalIDString = 05FCDBA723A802950010E993;
			remoteInfo = dott;
		};
		05FCDBCA23A802960010E993 /* PBXContainerItemProxy */ = {
			isa = PBXContainerItemProxy;
			containerPortal = 05FCDBA023A802950010E993 /* Project object */;
			proxyType = 1;
			remoteGlobalIDString = 05FCDBA723A802950010E993;
			remoteInfo = dott;
		};
		05FCDBF223A806030010E993 /* PBXContainerItemProxy */ = {
			isa = PBXContainerItemProxy;
			containerPortal = 05FCDBA023A802950010E993 /* Project object */;
			proxyType = 1;
			remoteGlobalIDString = 05FCDBE723A806030010E993;
			remoteInfo = dottDataKit;
		};
		05FCDBF423A806030010E993 /* PBXContainerItemProxy */ = {
			isa = PBXContainerItemProxy;
			containerPortal = 05FCDBA023A802950010E993 /* Project object */;
			proxyType = 1;
			remoteGlobalIDString = 05FCDBA723A802950010E993;
			remoteInfo = dott;
		};
		05FCDBFB23A806030010E993 /* PBXContainerItemProxy */ = {
			isa = PBXContainerItemProxy;
			containerPortal = 05FCDBA023A802950010E993 /* Project object */;
			proxyType = 1;
			remoteGlobalIDString = 05FCDBE723A806030010E993;
			remoteInfo = dottDataKit;
		};
/* End PBXContainerItemProxy section */

/* Begin PBXCopyFilesBuildPhase section */
		05FCDC0223A806030010E993 /* Embed Frameworks */ = {
			isa = PBXCopyFilesBuildPhase;
			buildActionMask = 2147483647;
			dstPath = "";
			dstSubfolderSpec = 10;
			files = (
				05FCDBFE23A806030010E993 /* dottDataKit.framework in Embed Frameworks */,
			);
			name = "Embed Frameworks";
			runOnlyForDeploymentPostprocessing = 0;
		};
/* End PBXCopyFilesBuildPhase section */

/* Begin PBXFileReference section */
		0342599B22D4BA54A8564678 /* Pods_dottDataKit.framework */ = {isa = PBXFileReference; explicitFileType = wrapper.framework; includeInIndex = 0; path = Pods_dottDataKit.framework; sourceTree = BUILT_PRODUCTS_DIR; };
		0503BDDA23A83B6E004BA92B /* IdentifiableAnnotation.swift */ = {isa = PBXFileReference; lastKnownFileType = sourcecode.swift; path = IdentifiableAnnotation.swift; sourceTree = "<group>"; };
		0503BDE023A96379004BA92B /* NavigationReducerTests.swift */ = {isa = PBXFileReference; lastKnownFileType = sourcecode.swift; path = NavigationReducerTests.swift; sourceTree = "<group>"; };
		0503BDE323A964D0004BA92B /* RestaurantDetailsViewControllerTests.swift */ = {isa = PBXFileReference; lastKnownFileType = sourcecode.swift; path = RestaurantDetailsViewControllerTests.swift; sourceTree = "<group>"; };
		0503BDE623A96BC7004BA92B /* MockFourSquareClient.swift */ = {isa = PBXFileReference; lastKnownFileType = sourcecode.swift; path = MockFourSquareClient.swift; sourceTree = "<group>"; };
		0503BDE923A96C11004BA92B /* FourSquareClientTests.swift */ = {isa = PBXFileReference; lastKnownFileType = sourcecode.swift; path = FourSquareClientTests.swift; sourceTree = "<group>"; };
		0503BDEB23A96E70004BA92B /* ClientActions.swift */ = {isa = PBXFileReference; lastKnownFileType = sourcecode.swift; path = ClientActions.swift; sourceTree = "<group>"; };
		0503BDED23A96FB6004BA92B /* ClientState.swift */ = {isa = PBXFileReference; lastKnownFileType = sourcecode.swift; path = ClientState.swift; sourceTree = "<group>"; };
		0503BDEF23A9700B004BA92B /* ClientReducer.swift */ = {isa = PBXFileReference; lastKnownFileType = sourcecode.swift; path = ClientReducer.swift; sourceTree = "<group>"; };
		0503BDF123AA8D5B004BA92B /* FSPhoto.swift */ = {isa = PBXFileReference; lastKnownFileType = sourcecode.swift; path = FSPhoto.swift; sourceTree = "<group>"; };
		0503BDF423AAB411004BA92B /* FSVenueTests.swift */ = {isa = PBXFileReference; lastKnownFileType = sourcecode.swift; path = FSVenueTests.swift; sourceTree = "<group>"; };
		05FCDBA823A802950010E993 /* dott.app */ = {isa = PBXFileReference; explicitFileType = wrapper.application; includeInIndex = 0; path = dott.app; sourceTree = BUILT_PRODUCTS_DIR; };
		05FCDBAB23A802950010E993 /* AppDelegate.swift */ = {isa = PBXFileReference; lastKnownFileType = sourcecode.swift; path = AppDelegate.swift; sourceTree = "<group>"; };
		05FCDBAD23A802950010E993 /* SceneDelegate.swift */ = {isa = PBXFileReference; lastKnownFileType = sourcecode.swift; path = SceneDelegate.swift; sourceTree = "<group>"; };
		05FCDBB423A802960010E993 /* Assets.xcassets */ = {isa = PBXFileReference; lastKnownFileType = folder.assetcatalog; path = Assets.xcassets; sourceTree = "<group>"; };
		05FCDBB723A802960010E993 /* Base */ = {isa = PBXFileReference; lastKnownFileType = file.storyboard; name = Base; path = Base.lproj/LaunchScreen.storyboard; sourceTree = "<group>"; };
		05FCDBB923A802960010E993 /* Info.plist */ = {isa = PBXFileReference; lastKnownFileType = text.plist.xml; path = Info.plist; sourceTree = "<group>"; };
		05FCDBBE23A802960010E993 /* dottTests.xctest */ = {isa = PBXFileReference; explicitFileType = wrapper.cfbundle; includeInIndex = 0; path = dottTests.xctest; sourceTree = BUILT_PRODUCTS_DIR; };
		05FCDBC423A802960010E993 /* Info.plist */ = {isa = PBXFileReference; lastKnownFileType = text.plist.xml; path = Info.plist; sourceTree = "<group>"; };
		05FCDBC923A802960010E993 /* dottUITests.xctest */ = {isa = PBXFileReference; explicitFileType = wrapper.cfbundle; includeInIndex = 0; path = dottUITests.xctest; sourceTree = BUILT_PRODUCTS_DIR; };
		05FCDBCD23A802960010E993 /* dottUITests.swift */ = {isa = PBXFileReference; lastKnownFileType = sourcecode.swift; path = dottUITests.swift; sourceTree = "<group>"; };
		05FCDBCF23A802960010E993 /* Info.plist */ = {isa = PBXFileReference; lastKnownFileType = text.plist.xml; path = Info.plist; sourceTree = "<group>"; };
		05FCDBDF23A8053B0010E993 /* FSVenue.swift */ = {isa = PBXFileReference; lastKnownFileType = sourcecode.swift; path = FSVenue.swift; sourceTree = "<group>"; };
		05FCDBE123A805690010E993 /* FSLocation.swift */ = {isa = PBXFileReference; lastKnownFileType = sourcecode.swift; path = FSLocation.swift; sourceTree = "<group>"; };
		05FCDBE823A806030010E993 /* dottDataKit.framework */ = {isa = PBXFileReference; explicitFileType = wrapper.framework; includeInIndex = 0; path = dottDataKit.framework; sourceTree = BUILT_PRODUCTS_DIR; };
		05FCDBEA23A806030010E993 /* dottDataKit.h */ = {isa = PBXFileReference; lastKnownFileType = sourcecode.c.h; path = dottDataKit.h; sourceTree = "<group>"; };
		05FCDBEB23A806030010E993 /* Info.plist */ = {isa = PBXFileReference; lastKnownFileType = text.plist.xml; path = Info.plist; sourceTree = "<group>"; };
		05FCDBF023A806030010E993 /* dottDataKitTests.xctest */ = {isa = PBXFileReference; explicitFileType = wrapper.cfbundle; includeInIndex = 0; path = dottDataKitTests.xctest; sourceTree = BUILT_PRODUCTS_DIR; };
		05FCDBF723A806030010E993 /* dottDataKitTests.swift */ = {isa = PBXFileReference; lastKnownFileType = sourcecode.swift; path = dottDataKitTests.swift; sourceTree = "<group>"; };
		05FCDBF923A806030010E993 /* Info.plist */ = {isa = PBXFileReference; lastKnownFileType = text.plist.xml; path = Info.plist; sourceTree = "<group>"; };
		05FCDC0823A806C00010E993 /* FourSquareService.swift */ = {isa = PBXFileReference; lastKnownFileType = sourcecode.swift; path = FourSquareService.swift; sourceTree = "<group>"; };
		05FCDC0B23A807400010E993 /* FourSquareClient.swift */ = {isa = PBXFileReference; lastKnownFileType = sourcecode.swift; path = FourSquareClient.swift; sourceTree = "<group>"; };
		05FCDC0D23A807700010E993 /* FourSquareClientProtocol.swift */ = {isa = PBXFileReference; lastKnownFileType = sourcecode.swift; path = FourSquareClientProtocol.swift; sourceTree = "<group>"; };
		05FCDC1023A807EF0010E993 /* Fixtures.xcassets */ = {isa = PBXFileReference; lastKnownFileType = folder.assetcatalog; path = Fixtures.xcassets; sourceTree = "<group>"; };
		05FCDC1323A808740010E993 /* StringExtensions.swift */ = {isa = PBXFileReference; lastKnownFileType = sourcecode.swift; path = StringExtensions.swift; sourceTree = "<group>"; };
		05FCDC1623A808F40010E993 /* RestaurantsViewController.storyboard */ = {isa = PBXFileReference; lastKnownFileType = file.storyboard; path = RestaurantsViewController.storyboard; sourceTree = "<group>"; };
		05FCDC1823A8090A0010E993 /* RestaurantsViewController.swift */ = {isa = PBXFileReference; lastKnownFileType = sourcecode.swift; path = RestaurantsViewController.swift; sourceTree = "<group>"; };
		05FCDC1A23A809960010E993 /* AppState.swift */ = {isa = PBXFileReference; lastKnownFileType = sourcecode.swift; path = AppState.swift; sourceTree = "<group>"; };
		05FCDC1C23A809B10010E993 /* AppActions.swift */ = {isa = PBXFileReference; lastKnownFileType = sourcecode.swift; path = AppActions.swift; sourceTree = "<group>"; };
		05FCDC1E23A809C70010E993 /* AppReeducer.swift */ = {isa = PBXFileReference; lastKnownFileType = sourcecode.swift; path = AppReeducer.swift; sourceTree = "<group>"; };
		05FCDC2323A80BF60010E993 /* AppCoordinator.swift */ = {isa = PBXFileReference; lastKnownFileType = sourcecode.swift; path = AppCoordinator.swift; sourceTree = "<group>"; };
		05FCDC2523A80D9A0010E993 /* FSResponse.swift */ = {isa = PBXFileReference; lastKnownFileType = sourcecode.swift; path = FSResponse.swift; sourceTree = "<group>"; };
		05FCDC2B23A815670010E993 /* FSMeta.swift */ = {isa = PBXFileReference; lastKnownFileType = sourcecode.swift; path = FSMeta.swift; sourceTree = "<group>"; };
		05FCDC3123A820260010E993 /* AppReducerTests.swift */ = {isa = PBXFileReference; lastKnownFileType = sourcecode.swift; path = AppReducerTests.swift; sourceTree = "<group>"; };
		05FCDC3323A821550010E993 /* MapKit.framework */ = {isa = PBXFileReference; lastKnownFileType = wrapper.framework; name = MapKit.framework; path = System/Library/Frameworks/MapKit.framework; sourceTree = SDKROOT; };
		05FCDC3523A822AE0010E993 /* AppError.swift */ = {isa = PBXFileReference; lastKnownFileType = sourcecode.swift; path = AppError.swift; sourceTree = "<group>"; };
		05FCDC3723A823990010E993 /* AppErrorTests.swift */ = {isa = PBXFileReference; lastKnownFileType = sourcecode.swift; path = AppErrorTests.swift; sourceTree = "<group>"; };
		05FCDC3923A8268F0010E993 /* FSResponseBody.swift */ = {isa = PBXFileReference; lastKnownFileType = sourcecode.swift; path = FSResponseBody.swift; sourceTree = "<group>"; };
		05FCDC3B23A831130010E993 /* NavigationState.swift */ = {isa = PBXFileReference; lastKnownFileType = sourcecode.swift; path = NavigationState.swift; sourceTree = "<group>"; };
		05FCDC3D23A8319C0010E993 /* NavigationActions.swift */ = {isa = PBXFileReference; lastKnownFileType = sourcecode.swift; path = NavigationActions.swift; sourceTree = "<group>"; };
		05FCDC3F23A831B40010E993 /* NavigationReducer.swift */ = {isa = PBXFileReference; lastKnownFileType = sourcecode.swift; path = NavigationReducer.swift; sourceTree = "<group>"; };
		05FCDC4123A833880010E993 /* RestaurantDetailsViewController.storyboard */ = {isa = PBXFileReference; lastKnownFileType = file.storyboard; path = RestaurantDetailsViewController.storyboard; sourceTree = "<group>"; };
		05FCDC4323A8339E0010E993 /* RestaurantDetailsViewController.swift */ = {isa = PBXFileReference; lastKnownFileType = sourcecode.swift; path = RestaurantDetailsViewController.swift; sourceTree = "<group>"; };
		1C541AB6F210D06DC14B638D /* Pods-dott-dottUITests.release.xcconfig */ = {isa = PBXFileReference; includeInIndex = 1; lastKnownFileType = text.xcconfig; name = "Pods-dott-dottUITests.release.xcconfig"; path = "Target Support Files/Pods-dott-dottUITests/Pods-dott-dottUITests.release.xcconfig"; sourceTree = "<group>"; };
		1FD64C4893CAA99E1A7E0B00 /* Pods_dottDataKitTests.framework */ = {isa = PBXFileReference; explicitFileType = wrapper.framework; includeInIndex = 0; path = Pods_dottDataKitTests.framework; sourceTree = BUILT_PRODUCTS_DIR; };
		40E444A5D86BEF7E7F5F3CC0 /* Pods-dott-dottUITests.debug.xcconfig */ = {isa = PBXFileReference; includeInIndex = 1; lastKnownFileType = text.xcconfig; name = "Pods-dott-dottUITests.debug.xcconfig"; path = "Target Support Files/Pods-dott-dottUITests/Pods-dott-dottUITests.debug.xcconfig"; sourceTree = "<group>"; };
		5620A1CB0285F29552AF957B /* Pods_dottTests.framework */ = {isa = PBXFileReference; explicitFileType = wrapper.framework; includeInIndex = 0; path = Pods_dottTests.framework; sourceTree = BUILT_PRODUCTS_DIR; };
		5658C0DA48EF9CC5EF668164 /* Pods_dott.framework */ = {isa = PBXFileReference; explicitFileType = wrapper.framework; includeInIndex = 0; path = Pods_dott.framework; sourceTree = BUILT_PRODUCTS_DIR; };
		754E0F04DE5D7A2644742A9D /* Pods-dottDataKit.debug.xcconfig */ = {isa = PBXFileReference; includeInIndex = 1; lastKnownFileType = text.xcconfig; name = "Pods-dottDataKit.debug.xcconfig"; path = "Target Support Files/Pods-dottDataKit/Pods-dottDataKit.debug.xcconfig"; sourceTree = "<group>"; };
		AA4E9A80A5F88E2F49F55CEA /* Pods-dottDataKitTests.release.xcconfig */ = {isa = PBXFileReference; includeInIndex = 1; lastKnownFileType = text.xcconfig; name = "Pods-dottDataKitTests.release.xcconfig"; path = "Target Support Files/Pods-dottDataKitTests/Pods-dottDataKitTests.release.xcconfig"; sourceTree = "<group>"; };
		B467462972862AD67D6984FF /* Pods-dottTests.release.xcconfig */ = {isa = PBXFileReference; includeInIndex = 1; lastKnownFileType = text.xcconfig; name = "Pods-dottTests.release.xcconfig"; path = "Target Support Files/Pods-dottTests/Pods-dottTests.release.xcconfig"; sourceTree = "<group>"; };
		B515CFE1C1C0D2728A65C37B /* Pods-dottDataKitTests.debug.xcconfig */ = {isa = PBXFileReference; includeInIndex = 1; lastKnownFileType = text.xcconfig; name = "Pods-dottDataKitTests.debug.xcconfig"; path = "Target Support Files/Pods-dottDataKitTests/Pods-dottDataKitTests.debug.xcconfig"; sourceTree = "<group>"; };
		B626593389AAD87D751FB827 /* Pods-dott.debug.xcconfig */ = {isa = PBXFileReference; includeInIndex = 1; lastKnownFileType = text.xcconfig; name = "Pods-dott.debug.xcconfig"; path = "Target Support Files/Pods-dott/Pods-dott.debug.xcconfig"; sourceTree = "<group>"; };
		C683EB2C914383899140EBFD /* Pods-dott.release.xcconfig */ = {isa = PBXFileReference; includeInIndex = 1; lastKnownFileType = text.xcconfig; name = "Pods-dott.release.xcconfig"; path = "Target Support Files/Pods-dott/Pods-dott.release.xcconfig"; sourceTree = "<group>"; };
		CC1C8615323AB52B673635AB /* Pods-dottTests.debug.xcconfig */ = {isa = PBXFileReference; includeInIndex = 1; lastKnownFileType = text.xcconfig; name = "Pods-dottTests.debug.xcconfig"; path = "Target Support Files/Pods-dottTests/Pods-dottTests.debug.xcconfig"; sourceTree = "<group>"; };
		DB1800B9880188CDFDC4FC4C /* Pods_dott_dottUITests.framework */ = {isa = PBXFileReference; explicitFileType = wrapper.framework; includeInIndex = 0; path = Pods_dott_dottUITests.framework; sourceTree = BUILT_PRODUCTS_DIR; };
		E66C476A689C58C0EC4ED8F5 /* Pods-dottDataKit.release.xcconfig */ = {isa = PBXFileReference; includeInIndex = 1; lastKnownFileType = text.xcconfig; name = "Pods-dottDataKit.release.xcconfig"; path = "Target Support Files/Pods-dottDataKit/Pods-dottDataKit.release.xcconfig"; sourceTree = "<group>"; };
/* End PBXFileReference section */

/* Begin PBXFrameworksBuildPhase section */
		05FCDBA523A802950010E993 /* Frameworks */ = {
			isa = PBXFrameworksBuildPhase;
			buildActionMask = 2147483647;
			files = (
				05FCDBFD23A806030010E993 /* dottDataKit.framework in Frameworks */,
				05FCDC3423A821550010E993 /* MapKit.framework in Frameworks */,
				A273EDC394BD90D245118B89 /* Pods_dott.framework in Frameworks */,
			);
			runOnlyForDeploymentPostprocessing = 0;
		};
		05FCDBBB23A802960010E993 /* Frameworks */ = {
			isa = PBXFrameworksBuildPhase;
			buildActionMask = 2147483647;
			files = (
				0B3F2864319F8B7A82D3E16E /* Pods_dottTests.framework in Frameworks */,
			);
			runOnlyForDeploymentPostprocessing = 0;
		};
		05FCDBC623A802960010E993 /* Frameworks */ = {
			isa = PBXFrameworksBuildPhase;
			buildActionMask = 2147483647;
			files = (
				1513EF11434240F87D8F22EE /* Pods_dott_dottUITests.framework in Frameworks */,
			);
			runOnlyForDeploymentPostprocessing = 0;
		};
		05FCDBE523A806030010E993 /* Frameworks */ = {
			isa = PBXFrameworksBuildPhase;
			buildActionMask = 2147483647;
			files = (
				DEEDAA750EC19AED465E503C /* Pods_dottDataKit.framework in Frameworks */,
			);
			runOnlyForDeploymentPostprocessing = 0;
		};
		05FCDBED23A806030010E993 /* Frameworks */ = {
			isa = PBXFrameworksBuildPhase;
			buildActionMask = 2147483647;
			files = (
				05FCDBF123A806030010E993 /* dottDataKit.framework in Frameworks */,
				07606B9BCF8947149539180C /* Pods_dottDataKitTests.framework in Frameworks */,
			);
			runOnlyForDeploymentPostprocessing = 0;
		};
/* End PBXFrameworksBuildPhase section */

/* Begin PBXGroup section */
		0503BDE223A964BF004BA92B /* ViewControllers */ = {
			isa = PBXGroup;
			children = (
				0503BDE323A964D0004BA92B /* RestaurantDetailsViewControllerTests.swift */,
			);
			path = ViewControllers;
			sourceTree = "<group>";
		};
		0503BDE523A96BA9004BA92B /* Mocks */ = {
			isa = PBXGroup;
			children = (
				0503BDE623A96BC7004BA92B /* MockFourSquareClient.swift */,
			);
			path = Mocks;
			sourceTree = "<group>";
		};
		0503BDE823A96BFF004BA92B /* Client */ = {
			isa = PBXGroup;
			children = (
				0503BDE923A96C11004BA92B /* FourSquareClientTests.swift */,
			);
			path = Client;
			sourceTree = "<group>";
		};
		0503BDF323AAB400004BA92B /* Models */ = {
			isa = PBXGroup;
			children = (
				0503BDF423AAB411004BA92B /* FSVenueTests.swift */,
			);
			path = Models;
			sourceTree = "<group>";
		};
		05FCDB9F23A802950010E993 = {
			isa = PBXGroup;
			children = (
				05FCDBAA23A802950010E993 /* dott */,
				05FCDBC123A802960010E993 /* dottTests */,
				05FCDBCC23A802960010E993 /* dottUITests */,
				05FCDBE923A806030010E993 /* dottDataKit */,
				05FCDBF623A806030010E993 /* dottDataKitTests */,
				05FCDBA923A802950010E993 /* Products */,
				78AEC208AD595271A63A59A2 /* Pods */,
				62E2B4478F73002071F38CAD /* Frameworks */,
			);
			sourceTree = "<group>";
		};
		05FCDBA923A802950010E993 /* Products */ = {
			isa = PBXGroup;
			children = (
				05FCDBA823A802950010E993 /* dott.app */,
				05FCDBBE23A802960010E993 /* dottTests.xctest */,
				05FCDBC923A802960010E993 /* dottUITests.xctest */,
				05FCDBE823A806030010E993 /* dottDataKit.framework */,
				05FCDBF023A806030010E993 /* dottDataKitTests.xctest */,
			);
			name = Products;
			sourceTree = "<group>";
		};
		05FCDBAA23A802950010E993 /* dott */ = {
			isa = PBXGroup;
			children = (
				05FCDC2223A80BE50010E993 /* Coordinators */,
				05FCDC1523A808D70010E993 /* ViewControllers */,
				05FCDBDB23A8049B0010E993 /* States */,
				05FCDBDC23A804A10010E993 /* Actions */,
				05FCDBDD23A804AC0010E993 /* Reduces */,
				05FCDBAB23A802950010E993 /* AppDelegate.swift */,
				05FCDC3523A822AE0010E993 /* AppError.swift */,
				05FCDBAD23A802950010E993 /* SceneDelegate.swift */,
				05FCDBB423A802960010E993 /* Assets.xcassets */,
				05FCDBB623A802960010E993 /* LaunchScreen.storyboard */,
				05FCDBB923A802960010E993 /* Info.plist */,
				0503BDDA23A83B6E004BA92B /* IdentifiableAnnotation.swift */,
			);
			path = dott;
			sourceTree = "<group>";
		};
		05FCDBC123A802960010E993 /* dottTests */ = {
			isa = PBXGroup;
			children = (
				0503BDE223A964BF004BA92B /* ViewControllers */,
				05FCDC3023A820150010E993 /* Reducers */,
				05FCDC3723A823990010E993 /* AppErrorTests.swift */,
				05FCDBC423A802960010E993 /* Info.plist */,
			);
			path = dottTests;
			sourceTree = "<group>";
		};
		05FCDBCC23A802960010E993 /* dottUITests */ = {
			isa = PBXGroup;
			children = (
				05FCDBCD23A802960010E993 /* dottUITests.swift */,
				05FCDBCF23A802960010E993 /* Info.plist */,
			);
			path = dottUITests;
			sourceTree = "<group>";
		};
		05FCDBDB23A8049B0010E993 /* States */ = {
			isa = PBXGroup;
			children = (
				05FCDC1A23A809960010E993 /* AppState.swift */,
				05FCDC3B23A831130010E993 /* NavigationState.swift */,
				0503BDED23A96FB6004BA92B /* ClientState.swift */,
			);
			path = States;
			sourceTree = "<group>";
		};
		05FCDBDC23A804A10010E993 /* Actions */ = {
			isa = PBXGroup;
			children = (
				05FCDC1C23A809B10010E993 /* AppActions.swift */,
				05FCDC3D23A8319C0010E993 /* NavigationActions.swift */,
				0503BDEB23A96E70004BA92B /* ClientActions.swift */,
			);
			path = Actions;
			sourceTree = "<group>";
		};
		05FCDBDD23A804AC0010E993 /* Reduces */ = {
			isa = PBXGroup;
			children = (
				05FCDC1E23A809C70010E993 /* AppReeducer.swift */,
				05FCDC3F23A831B40010E993 /* NavigationReducer.swift */,
				0503BDEF23A9700B004BA92B /* ClientReducer.swift */,
			);
			path = Reduces;
			sourceTree = "<group>";
		};
		05FCDBE923A806030010E993 /* dottDataKit */ = {
			isa = PBXGroup;
			children = (
				05FCDC1223A808690010E993 /* Extensions */,
				05FCDC0F23A807DC0010E993 /* Fixtures */,
				05FCDC0A23A807320010E993 /* Client */,
				05FCDC0723A806A20010E993 /* Services */,
				05FCDC0623A8060A0010E993 /* Models */,
				05FCDBEA23A806030010E993 /* dottDataKit.h */,
				05FCDBEB23A806030010E993 /* Info.plist */,
			);
			path = dottDataKit;
			sourceTree = "<group>";
		};
		05FCDBF623A806030010E993 /* dottDataKitTests */ = {
			isa = PBXGroup;
			children = (
				0503BDF323AAB400004BA92B /* Models */,
				0503BDE823A96BFF004BA92B /* Client */,
				0503BDE523A96BA9004BA92B /* Mocks */,
				05FCDBF723A806030010E993 /* dottDataKitTests.swift */,
				05FCDBF923A806030010E993 /* Info.plist */,
			);
			path = dottDataKitTests;
			sourceTree = "<group>";
		};
		05FCDC0623A8060A0010E993 /* Models */ = {
			isa = PBXGroup;
			children = (
				05FCDC2523A80D9A0010E993 /* FSResponse.swift */,
				05FCDBDF23A8053B0010E993 /* FSVenue.swift */,
				05FCDBE123A805690010E993 /* FSLocation.swift */,
				05FCDC2B23A815670010E993 /* FSMeta.swift */,
				05FCDC3923A8268F0010E993 /* FSResponseBody.swift */,
				0503BDF123AA8D5B004BA92B /* FSPhoto.swift */,
			);
			path = Models;
			sourceTree = "<group>";
		};
		05FCDC0723A806A20010E993 /* Services */ = {
			isa = PBXGroup;
			children = (
				05FCDC0823A806C00010E993 /* FourSquareService.swift */,
			);
			path = Services;
			sourceTree = "<group>";
		};
		05FCDC0A23A807320010E993 /* Client */ = {
			isa = PBXGroup;
			children = (
				05FCDC0B23A807400010E993 /* FourSquareClient.swift */,
				05FCDC0D23A807700010E993 /* FourSquareClientProtocol.swift */,
			);
			path = Client;
			sourceTree = "<group>";
		};
		05FCDC0F23A807DC0010E993 /* Fixtures */ = {
			isa = PBXGroup;
			children = (
				05FCDC1023A807EF0010E993 /* Fixtures.xcassets */,
			);
			path = Fixtures;
			sourceTree = "<group>";
		};
		05FCDC1223A808690010E993 /* Extensions */ = {
			isa = PBXGroup;
			children = (
				05FCDC1323A808740010E993 /* StringExtensions.swift */,
			);
			path = Extensions;
			sourceTree = "<group>";
		};
		05FCDC1523A808D70010E993 /* ViewControllers */ = {
			isa = PBXGroup;
			children = (
				05FCDC4123A833880010E993 /* RestaurantDetailsViewController.storyboard */,
				05FCDC4323A8339E0010E993 /* RestaurantDetailsViewController.swift */,
				05FCDC1623A808F40010E993 /* RestaurantsViewController.storyboard */,
				05FCDC1823A8090A0010E993 /* RestaurantsViewController.swift */,
			);
			path = ViewControllers;
			sourceTree = "<group>";
		};
		05FCDC2223A80BE50010E993 /* Coordinators */ = {
			isa = PBXGroup;
			children = (
				05FCDC2323A80BF60010E993 /* AppCoordinator.swift */,
			);
			path = Coordinators;
			sourceTree = "<group>";
		};
		05FCDC3023A820150010E993 /* Reducers */ = {
			isa = PBXGroup;
			children = (
				05FCDC3123A820260010E993 /* AppReducerTests.swift */,
				0503BDE023A96379004BA92B /* NavigationReducerTests.swift */,
			);
			path = Reducers;
			sourceTree = "<group>";
		};
		62E2B4478F73002071F38CAD /* Frameworks */ = {
			isa = PBXGroup;
			children = (
				05FCDC3323A821550010E993 /* MapKit.framework */,
				5658C0DA48EF9CC5EF668164 /* Pods_dott.framework */,
				DB1800B9880188CDFDC4FC4C /* Pods_dott_dottUITests.framework */,
				5620A1CB0285F29552AF957B /* Pods_dottTests.framework */,
				0342599B22D4BA54A8564678 /* Pods_dottDataKit.framework */,
				1FD64C4893CAA99E1A7E0B00 /* Pods_dottDataKitTests.framework */,
			);
			name = Frameworks;
			sourceTree = "<group>";
		};
		78AEC208AD595271A63A59A2 /* Pods */ = {
			isa = PBXGroup;
			children = (
				B626593389AAD87D751FB827 /* Pods-dott.debug.xcconfig */,
				C683EB2C914383899140EBFD /* Pods-dott.release.xcconfig */,
				40E444A5D86BEF7E7F5F3CC0 /* Pods-dott-dottUITests.debug.xcconfig */,
				1C541AB6F210D06DC14B638D /* Pods-dott-dottUITests.release.xcconfig */,
				CC1C8615323AB52B673635AB /* Pods-dottTests.debug.xcconfig */,
				B467462972862AD67D6984FF /* Pods-dottTests.release.xcconfig */,
				754E0F04DE5D7A2644742A9D /* Pods-dottDataKit.debug.xcconfig */,
				E66C476A689C58C0EC4ED8F5 /* Pods-dottDataKit.release.xcconfig */,
				B515CFE1C1C0D2728A65C37B /* Pods-dottDataKitTests.debug.xcconfig */,
				AA4E9A80A5F88E2F49F55CEA /* Pods-dottDataKitTests.release.xcconfig */,
			);
			path = Pods;
			sourceTree = "<group>";
		};
/* End PBXGroup section */

/* Begin PBXHeadersBuildPhase section */
		05FCDBE323A806030010E993 /* Headers */ = {
			isa = PBXHeadersBuildPhase;
			buildActionMask = 2147483647;
			files = (
				05FCDBFA23A806030010E993 /* dottDataKit.h in Headers */,
			);
			runOnlyForDeploymentPostprocessing = 0;
		};
/* End PBXHeadersBuildPhase section */

/* Begin PBXNativeTarget section */
		05FCDBA723A802950010E993 /* dott */ = {
			isa = PBXNativeTarget;
			buildConfigurationList = 05FCDBD223A802960010E993 /* Build configuration list for PBXNativeTarget "dott" */;
			buildPhases = (
				826374547396117289917AD3 /* [CP] Check Pods Manifest.lock */,
				05FCDBA423A802950010E993 /* Sources */,
				05FCDBA523A802950010E993 /* Frameworks */,
				05FCDBA623A802950010E993 /* Resources */,
				693BB4E3F227DFFE822790E6 /* [CP] Embed Pods Frameworks */,
				05FCDC0223A806030010E993 /* Embed Frameworks */,
			);
			buildRules = (
			);
			dependencies = (
				05FCDBFC23A806030010E993 /* PBXTargetDependency */,
			);
			name = dott;
			productName = dott;
			productReference = 05FCDBA823A802950010E993 /* dott.app */;
			productType = "com.apple.product-type.application";
		};
		05FCDBBD23A802960010E993 /* dottTests */ = {
			isa = PBXNativeTarget;
			buildConfigurationList = 05FCDBD523A802960010E993 /* Build configuration list for PBXNativeTarget "dottTests" */;
			buildPhases = (
				DE16242B90F537A6951482D2 /* [CP] Check Pods Manifest.lock */,
				05FCDBBA23A802960010E993 /* Sources */,
				05FCDBBB23A802960010E993 /* Frameworks */,
				05FCDBBC23A802960010E993 /* Resources */,
			);
			buildRules = (
			);
			dependencies = (
				05FCDBC023A802960010E993 /* PBXTargetDependency */,
			);
			name = dottTests;
			productName = dottTests;
			productReference = 05FCDBBE23A802960010E993 /* dottTests.xctest */;
			productType = "com.apple.product-type.bundle.unit-test";
		};
		05FCDBC823A802960010E993 /* dottUITests */ = {
			isa = PBXNativeTarget;
			buildConfigurationList = 05FCDBD823A802960010E993 /* Build configuration list for PBXNativeTarget "dottUITests" */;
			buildPhases = (
				1CF0DF8ABE8699EB9E56516C /* [CP] Check Pods Manifest.lock */,
				05FCDBC523A802960010E993 /* Sources */,
				05FCDBC623A802960010E993 /* Frameworks */,
				05FCDBC723A802960010E993 /* Resources */,
				FFBC4079C133496C330B34D6 /* [CP] Embed Pods Frameworks */,
			);
			buildRules = (
			);
			dependencies = (
				05FCDBCB23A802960010E993 /* PBXTargetDependency */,
			);
			name = dottUITests;
			productName = dottUITests;
			productReference = 05FCDBC923A802960010E993 /* dottUITests.xctest */;
			productType = "com.apple.product-type.bundle.ui-testing";
		};
		05FCDBE723A806030010E993 /* dottDataKit */ = {
			isa = PBXNativeTarget;
			buildConfigurationList = 05FCDBFF23A806030010E993 /* Build configuration list for PBXNativeTarget "dottDataKit" */;
			buildPhases = (
				1600F9593F786861AF1D7F2A /* [CP] Check Pods Manifest.lock */,
				05FCDBE323A806030010E993 /* Headers */,
				05FCDBE423A806030010E993 /* Sources */,
				05FCDBE523A806030010E993 /* Frameworks */,
				05FCDBE623A806030010E993 /* Resources */,
			);
			buildRules = (
			);
			dependencies = (
			);
			name = dottDataKit;
			productName = dottDataKit;
			productReference = 05FCDBE823A806030010E993 /* dottDataKit.framework */;
			productType = "com.apple.product-type.framework";
		};
		05FCDBEF23A806030010E993 /* dottDataKitTests */ = {
			isa = PBXNativeTarget;
			buildConfigurationList = 05FCDC0323A806030010E993 /* Build configuration list for PBXNativeTarget "dottDataKitTests" */;
			buildPhases = (
				0FA9BAA4B2BF4DB192E03AF0 /* [CP] Check Pods Manifest.lock */,
				05FCDBEC23A806030010E993 /* Sources */,
				05FCDBED23A806030010E993 /* Frameworks */,
				05FCDBEE23A806030010E993 /* Resources */,
			);
			buildRules = (
			);
			dependencies = (
				05FCDBF323A806030010E993 /* PBXTargetDependency */,
				05FCDBF523A806030010E993 /* PBXTargetDependency */,
			);
			name = dottDataKitTests;
			productName = dottDataKitTests;
			productReference = 05FCDBF023A806030010E993 /* dottDataKitTests.xctest */;
			productType = "com.apple.product-type.bundle.unit-test";
		};
/* End PBXNativeTarget section */

/* Begin PBXProject section */
		05FCDBA023A802950010E993 /* Project object */ = {
			isa = PBXProject;
			attributes = {
				LastSwiftUpdateCheck = 1130;
				LastUpgradeCheck = 1130;
				ORGANIZATIONNAME = "Dunya Kirkali";
				TargetAttributes = {
					05FCDBA723A802950010E993 = {
						CreatedOnToolsVersion = 11.3;
					};
					05FCDBBD23A802960010E993 = {
						CreatedOnToolsVersion = 11.3;
						TestTargetID = 05FCDBA723A802950010E993;
					};
					05FCDBC823A802960010E993 = {
						CreatedOnToolsVersion = 11.3;
						TestTargetID = 05FCDBA723A802950010E993;
					};
					05FCDBE723A806030010E993 = {
						CreatedOnToolsVersion = 11.3;
						LastSwiftMigration = 1130;
					};
					05FCDBEF23A806030010E993 = {
						CreatedOnToolsVersion = 11.3;
						TestTargetID = 05FCDBA723A802950010E993;
					};
				};
			};
			buildConfigurationList = 05FCDBA323A802950010E993 /* Build configuration list for PBXProject "dott" */;
			compatibilityVersion = "Xcode 9.3";
			developmentRegion = en;
			hasScannedForEncodings = 0;
			knownRegions = (
				en,
				Base,
			);
			mainGroup = 05FCDB9F23A802950010E993;
			productRefGroup = 05FCDBA923A802950010E993 /* Products */;
			projectDirPath = "";
			projectRoot = "";
			targets = (
				05FCDBA723A802950010E993 /* dott */,
				05FCDBBD23A802960010E993 /* dottTests */,
				05FCDBC823A802960010E993 /* dottUITests */,
				05FCDBE723A806030010E993 /* dottDataKit */,
				05FCDBEF23A806030010E993 /* dottDataKitTests */,
			);
		};
/* End PBXProject section */

/* Begin PBXResourcesBuildPhase section */
		05FCDBA623A802950010E993 /* Resources */ = {
			isa = PBXResourcesBuildPhase;
			buildActionMask = 2147483647;
			files = (
				05FCDBB823A802960010E993 /* LaunchScreen.storyboard in Resources */,
				05FCDBB523A802960010E993 /* Assets.xcassets in Resources */,
				05FCDC1723A808F40010E993 /* RestaurantsViewController.storyboard in Resources */,
				05FCDC4223A833880010E993 /* RestaurantDetailsViewController.storyboard in Resources */,
			);
			runOnlyForDeploymentPostprocessing = 0;
		};
		05FCDBBC23A802960010E993 /* Resources */ = {
			isa = PBXResourcesBuildPhase;
			buildActionMask = 2147483647;
			files = (
			);
			runOnlyForDeploymentPostprocessing = 0;
		};
		05FCDBC723A802960010E993 /* Resources */ = {
			isa = PBXResourcesBuildPhase;
			buildActionMask = 2147483647;
			files = (
			);
			runOnlyForDeploymentPostprocessing = 0;
		};
		05FCDBE623A806030010E993 /* Resources */ = {
			isa = PBXResourcesBuildPhase;
			buildActionMask = 2147483647;
			files = (
				05FCDC1123A807EF0010E993 /* Fixtures.xcassets in Resources */,
			);
			runOnlyForDeploymentPostprocessing = 0;
		};
		05FCDBEE23A806030010E993 /* Resources */ = {
			isa = PBXResourcesBuildPhase;
			buildActionMask = 2147483647;
			files = (
			);
			runOnlyForDeploymentPostprocessing = 0;
		};
/* End PBXResourcesBuildPhase section */

/* Begin PBXShellScriptBuildPhase section */
		0FA9BAA4B2BF4DB192E03AF0 /* [CP] Check Pods Manifest.lock */ = {
			isa = PBXShellScriptBuildPhase;
			buildActionMask = 2147483647;
			files = (
			);
			inputFileListPaths = (
			);
			inputPaths = (
				"${PODS_PODFILE_DIR_PATH}/Podfile.lock",
				"${PODS_ROOT}/Manifest.lock",
			);
			name = "[CP] Check Pods Manifest.lock";
			outputFileListPaths = (
			);
			outputPaths = (
				"$(DERIVED_FILE_DIR)/Pods-dottDataKitTests-checkManifestLockResult.txt",
			);
			runOnlyForDeploymentPostprocessing = 0;
			shellPath = /bin/sh;
			shellScript = "diff \"${PODS_PODFILE_DIR_PATH}/Podfile.lock\" \"${PODS_ROOT}/Manifest.lock\" > /dev/null\nif [ $? != 0 ] ; then\n    # print error to STDERR\n    echo \"error: The sandbox is not in sync with the Podfile.lock. Run 'pod install' or update your CocoaPods installation.\" >&2\n    exit 1\nfi\n# This output is used by Xcode 'outputs' to avoid re-running this script phase.\necho \"SUCCESS\" > \"${SCRIPT_OUTPUT_FILE_0}\"\n";
			showEnvVarsInLog = 0;
		};
		1600F9593F786861AF1D7F2A /* [CP] Check Pods Manifest.lock */ = {
			isa = PBXShellScriptBuildPhase;
			buildActionMask = 2147483647;
			files = (
			);
			inputFileListPaths = (
			);
			inputPaths = (
				"${PODS_PODFILE_DIR_PATH}/Podfile.lock",
				"${PODS_ROOT}/Manifest.lock",
			);
			name = "[CP] Check Pods Manifest.lock";
			outputFileListPaths = (
			);
			outputPaths = (
				"$(DERIVED_FILE_DIR)/Pods-dottDataKit-checkManifestLockResult.txt",
			);
			runOnlyForDeploymentPostprocessing = 0;
			shellPath = /bin/sh;
			shellScript = "diff \"${PODS_PODFILE_DIR_PATH}/Podfile.lock\" \"${PODS_ROOT}/Manifest.lock\" > /dev/null\nif [ $? != 0 ] ; then\n    # print error to STDERR\n    echo \"error: The sandbox is not in sync with the Podfile.lock. Run 'pod install' or update your CocoaPods installation.\" >&2\n    exit 1\nfi\n# This output is used by Xcode 'outputs' to avoid re-running this script phase.\necho \"SUCCESS\" > \"${SCRIPT_OUTPUT_FILE_0}\"\n";
			showEnvVarsInLog = 0;
		};
		1CF0DF8ABE8699EB9E56516C /* [CP] Check Pods Manifest.lock */ = {
			isa = PBXShellScriptBuildPhase;
			buildActionMask = 2147483647;
			files = (
			);
			inputFileListPaths = (
			);
			inputPaths = (
				"${PODS_PODFILE_DIR_PATH}/Podfile.lock",
				"${PODS_ROOT}/Manifest.lock",
			);
			name = "[CP] Check Pods Manifest.lock";
			outputFileListPaths = (
			);
			outputPaths = (
				"$(DERIVED_FILE_DIR)/Pods-dott-dottUITests-checkManifestLockResult.txt",
			);
			runOnlyForDeploymentPostprocessing = 0;
			shellPath = /bin/sh;
			shellScript = "diff \"${PODS_PODFILE_DIR_PATH}/Podfile.lock\" \"${PODS_ROOT}/Manifest.lock\" > /dev/null\nif [ $? != 0 ] ; then\n    # print error to STDERR\n    echo \"error: The sandbox is not in sync with the Podfile.lock. Run 'pod install' or update your CocoaPods installation.\" >&2\n    exit 1\nfi\n# This output is used by Xcode 'outputs' to avoid re-running this script phase.\necho \"SUCCESS\" > \"${SCRIPT_OUTPUT_FILE_0}\"\n";
			showEnvVarsInLog = 0;
		};
		693BB4E3F227DFFE822790E6 /* [CP] Embed Pods Frameworks */ = {
			isa = PBXShellScriptBuildPhase;
			buildActionMask = 2147483647;
			files = (
			);
			inputFileListPaths = (
				"${PODS_ROOT}/Target Support Files/Pods-dott/Pods-dott-frameworks-${CONFIGURATION}-input-files.xcfilelist",
			);
			name = "[CP] Embed Pods Frameworks";
			outputFileListPaths = (
				"${PODS_ROOT}/Target Support Files/Pods-dott/Pods-dott-frameworks-${CONFIGURATION}-output-files.xcfilelist",
			);
			runOnlyForDeploymentPostprocessing = 0;
			shellPath = /bin/sh;
			shellScript = "\"${PODS_ROOT}/Target Support Files/Pods-dott/Pods-dott-frameworks.sh\"\n";
			showEnvVarsInLog = 0;
		};
		826374547396117289917AD3 /* [CP] Check Pods Manifest.lock */ = {
			isa = PBXShellScriptBuildPhase;
			buildActionMask = 2147483647;
			files = (
			);
			inputFileListPaths = (
			);
			inputPaths = (
				"${PODS_PODFILE_DIR_PATH}/Podfile.lock",
				"${PODS_ROOT}/Manifest.lock",
			);
			name = "[CP] Check Pods Manifest.lock";
			outputFileListPaths = (
			);
			outputPaths = (
				"$(DERIVED_FILE_DIR)/Pods-dott-checkManifestLockResult.txt",
			);
			runOnlyForDeploymentPostprocessing = 0;
			shellPath = /bin/sh;
			shellScript = "diff \"${PODS_PODFILE_DIR_PATH}/Podfile.lock\" \"${PODS_ROOT}/Manifest.lock\" > /dev/null\nif [ $? != 0 ] ; then\n    # print error to STDERR\n    echo \"error: The sandbox is not in sync with the Podfile.lock. Run 'pod install' or update your CocoaPods installation.\" >&2\n    exit 1\nfi\n# This output is used by Xcode 'outputs' to avoid re-running this script phase.\necho \"SUCCESS\" > \"${SCRIPT_OUTPUT_FILE_0}\"\n";
			showEnvVarsInLog = 0;
		};
		DE16242B90F537A6951482D2 /* [CP] Check Pods Manifest.lock */ = {
			isa = PBXShellScriptBuildPhase;
			buildActionMask = 2147483647;
			files = (
			);
			inputFileListPaths = (
			);
			inputPaths = (
				"${PODS_PODFILE_DIR_PATH}/Podfile.lock",
				"${PODS_ROOT}/Manifest.lock",
			);
			name = "[CP] Check Pods Manifest.lock";
			outputFileListPaths = (
			);
			outputPaths = (
				"$(DERIVED_FILE_DIR)/Pods-dottTests-checkManifestLockResult.txt",
			);
			runOnlyForDeploymentPostprocessing = 0;
			shellPath = /bin/sh;
			shellScript = "diff \"${PODS_PODFILE_DIR_PATH}/Podfile.lock\" \"${PODS_ROOT}/Manifest.lock\" > /dev/null\nif [ $? != 0 ] ; then\n    # print error to STDERR\n    echo \"error: The sandbox is not in sync with the Podfile.lock. Run 'pod install' or update your CocoaPods installation.\" >&2\n    exit 1\nfi\n# This output is used by Xcode 'outputs' to avoid re-running this script phase.\necho \"SUCCESS\" > \"${SCRIPT_OUTPUT_FILE_0}\"\n";
			showEnvVarsInLog = 0;
		};
		FFBC4079C133496C330B34D6 /* [CP] Embed Pods Frameworks */ = {
			isa = PBXShellScriptBuildPhase;
			buildActionMask = 2147483647;
			files = (
			);
			inputFileListPaths = (
				"${PODS_ROOT}/Target Support Files/Pods-dott-dottUITests/Pods-dott-dottUITests-frameworks-${CONFIGURATION}-input-files.xcfilelist",
			);
			name = "[CP] Embed Pods Frameworks";
			outputFileListPaths = (
				"${PODS_ROOT}/Target Support Files/Pods-dott-dottUITests/Pods-dott-dottUITests-frameworks-${CONFIGURATION}-output-files.xcfilelist",
			);
			runOnlyForDeploymentPostprocessing = 0;
			shellPath = /bin/sh;
			shellScript = "\"${PODS_ROOT}/Target Support Files/Pods-dott-dottUITests/Pods-dott-dottUITests-frameworks.sh\"\n";
			showEnvVarsInLog = 0;
		};
/* End PBXShellScriptBuildPhase section */

/* Begin PBXSourcesBuildPhase section */
		05FCDBA423A802950010E993 /* Sources */ = {
			isa = PBXSourcesBuildPhase;
			buildActionMask = 2147483647;
			files = (
				05FCDC2423A80BF60010E993 /* AppCoordinator.swift in Sources */,
				0503BDEE23A96FB6004BA92B /* ClientState.swift in Sources */,
				05FCDC3C23A831130010E993 /* NavigationState.swift in Sources */,
				0503BDDB23A83B6E004BA92B /* IdentifiableAnnotation.swift in Sources */,
				05FCDC1923A8090A0010E993 /* RestaurantsViewController.swift in Sources */,
				05FCDC1B23A809960010E993 /* AppState.swift in Sources */,
				05FCDC1D23A809B10010E993 /* AppActions.swift in Sources */,
				0503BDF023A9700B004BA92B /* ClientReducer.swift in Sources */,
				0503BDEC23A96E70004BA92B /* ClientActions.swift in Sources */,
				05FCDC4023A831B40010E993 /* NavigationReducer.swift in Sources */,
				05FCDC4423A8339E0010E993 /* RestaurantDetailsViewController.swift in Sources */,
				05FCDC3623A822AE0010E993 /* AppError.swift in Sources */,
				05FCDBAC23A802950010E993 /* AppDelegate.swift in Sources */,
				05FCDC1F23A809C70010E993 /* AppReeducer.swift in Sources */,
				05FCDBAE23A802950010E993 /* SceneDelegate.swift in Sources */,
				05FCDC3E23A8319C0010E993 /* NavigationActions.swift in Sources */,
			);
			runOnlyForDeploymentPostprocessing = 0;
		};
		05FCDBBA23A802960010E993 /* Sources */ = {
			isa = PBXSourcesBuildPhase;
			buildActionMask = 2147483647;
			files = (
				05FCDC3223A820260010E993 /* AppReducerTests.swift in Sources */,
				05FCDC3823A823990010E993 /* AppErrorTests.swift in Sources */,
				0503BDE423A964D0004BA92B /* RestaurantDetailsViewControllerTests.swift in Sources */,
				0503BDE123A96379004BA92B /* NavigationReducerTests.swift in Sources */,
			);
			runOnlyForDeploymentPostprocessing = 0;
		};
		05FCDBC523A802960010E993 /* Sources */ = {
			isa = PBXSourcesBuildPhase;
			buildActionMask = 2147483647;
			files = (
				05FCDBCE23A802960010E993 /* dottUITests.swift in Sources */,
			);
			runOnlyForDeploymentPostprocessing = 0;
		};
		05FCDBE423A806030010E993 /* Sources */ = {
			isa = PBXSourcesBuildPhase;
			buildActionMask = 2147483647;
			files = (
				05FCDC1423A808740010E993 /* StringExtensions.swift in Sources */,
				05FCDC3A23A8268F0010E993 /* FSResponseBody.swift in Sources */,
				05FCDC2723A80F030010E993 /* FSVenue.swift in Sources */,
				05FCDC2623A80D9A0010E993 /* FSResponse.swift in Sources */,
				05FCDC2C23A815670010E993 /* FSMeta.swift in Sources */,
				05FCDC0E23A807700010E993 /* FourSquareClientProtocol.swift in Sources */,
				05FCDC0923A806C00010E993 /* FourSquareService.swift in Sources */,
				05FCDC0C23A807400010E993 /* FourSquareClient.swift in Sources */,
				05FCDC2823A80F050010E993 /* FSLocation.swift in Sources */,
				0503BDF223AA8D5B004BA92B /* FSPhoto.swift in Sources */,
			);
			runOnlyForDeploymentPostprocessing = 0;
		};
		05FCDBEC23A806030010E993 /* Sources */ = {
			isa = PBXSourcesBuildPhase;
			buildActionMask = 2147483647;
			files = (
				0503BDF523AAB411004BA92B /* FSVenueTests.swift in Sources */,
				05FCDBF823A806030010E993 /* dottDataKitTests.swift in Sources */,
				0503BDE723A96BC7004BA92B /* MockFourSquareClient.swift in Sources */,
				0503BDEA23A96C11004BA92B /* FourSquareClientTests.swift in Sources */,
			);
			runOnlyForDeploymentPostprocessing = 0;
		};
/* End PBXSourcesBuildPhase section */

/* Begin PBXTargetDependency section */
		05FCDBC023A802960010E993 /* PBXTargetDependency */ = {
			isa = PBXTargetDependency;
			target = 05FCDBA723A802950010E993 /* dott */;
			targetProxy = 05FCDBBF23A802960010E993 /* PBXContainerItemProxy */;
		};
		05FCDBCB23A802960010E993 /* PBXTargetDependency */ = {
			isa = PBXTargetDependency;
			target = 05FCDBA723A802950010E993 /* dott */;
			targetProxy = 05FCDBCA23A802960010E993 /* PBXContainerItemProxy */;
		};
		05FCDBF323A806030010E993 /* PBXTargetDependency */ = {
			isa = PBXTargetDependency;
			target = 05FCDBE723A806030010E993 /* dottDataKit */;
			targetProxy = 05FCDBF223A806030010E993 /* PBXContainerItemProxy */;
		};
		05FCDBF523A806030010E993 /* PBXTargetDependency */ = {
			isa = PBXTargetDependency;
			target = 05FCDBA723A802950010E993 /* dott */;
			targetProxy = 05FCDBF423A806030010E993 /* PBXContainerItemProxy */;
		};
		05FCDBFC23A806030010E993 /* PBXTargetDependency */ = {
			isa = PBXTargetDependency;
			target = 05FCDBE723A806030010E993 /* dottDataKit */;
			targetProxy = 05FCDBFB23A806030010E993 /* PBXContainerItemProxy */;
		};
/* End PBXTargetDependency section */

/* Begin PBXVariantGroup section */
		05FCDBB623A802960010E993 /* LaunchScreen.storyboard */ = {
			isa = PBXVariantGroup;
			children = (
				05FCDBB723A802960010E993 /* Base */,
			);
			name = LaunchScreen.storyboard;
			sourceTree = "<group>";
		};
/* End PBXVariantGroup section */

/* Begin XCBuildConfiguration section */
		05FCDBD023A802960010E993 /* Debug */ = {
			isa = XCBuildConfiguration;
			buildSettings = {
				ALWAYS_SEARCH_USER_PATHS = NO;
				CLANG_ANALYZER_NONNULL = YES;
				CLANG_ANALYZER_NUMBER_OBJECT_CONVERSION = YES_AGGRESSIVE;
				CLANG_CXX_LANGUAGE_STANDARD = "gnu++14";
				CLANG_CXX_LIBRARY = "libc++";
				CLANG_ENABLE_MODULES = YES;
				CLANG_ENABLE_OBJC_ARC = YES;
				CLANG_ENABLE_OBJC_WEAK = YES;
				CLANG_WARN_BLOCK_CAPTURE_AUTORELEASING = YES;
				CLANG_WARN_BOOL_CONVERSION = YES;
				CLANG_WARN_COMMA = YES;
				CLANG_WARN_CONSTANT_CONVERSION = YES;
				CLANG_WARN_DEPRECATED_OBJC_IMPLEMENTATIONS = YES;
				CLANG_WARN_DIRECT_OBJC_ISA_USAGE = YES_ERROR;
				CLANG_WARN_DOCUMENTATION_COMMENTS = YES;
				CLANG_WARN_EMPTY_BODY = YES;
				CLANG_WARN_ENUM_CONVERSION = YES;
				CLANG_WARN_INFINITE_RECURSION = YES;
				CLANG_WARN_INT_CONVERSION = YES;
				CLANG_WARN_NON_LITERAL_NULL_CONVERSION = YES;
				CLANG_WARN_OBJC_IMPLICIT_RETAIN_SELF = YES;
				CLANG_WARN_OBJC_LITERAL_CONVERSION = YES;
				CLANG_WARN_OBJC_ROOT_CLASS = YES_ERROR;
				CLANG_WARN_RANGE_LOOP_ANALYSIS = YES;
				CLANG_WARN_STRICT_PROTOTYPES = YES;
				CLANG_WARN_SUSPICIOUS_MOVE = YES;
				CLANG_WARN_UNGUARDED_AVAILABILITY = YES_AGGRESSIVE;
				CLANG_WARN_UNREACHABLE_CODE = YES;
				CLANG_WARN__DUPLICATE_METHOD_MATCH = YES;
				COPY_PHASE_STRIP = NO;
				DEBUG_INFORMATION_FORMAT = dwarf;
				ENABLE_STRICT_OBJC_MSGSEND = YES;
				ENABLE_TESTABILITY = YES;
				GCC_C_LANGUAGE_STANDARD = gnu11;
				GCC_DYNAMIC_NO_PIC = NO;
				GCC_NO_COMMON_BLOCKS = YES;
				GCC_OPTIMIZATION_LEVEL = 0;
				GCC_PREPROCESSOR_DEFINITIONS = (
					"DEBUG=1",
					"$(inherited)",
				);
				GCC_WARN_64_TO_32_BIT_CONVERSION = YES;
				GCC_WARN_ABOUT_RETURN_TYPE = YES_ERROR;
				GCC_WARN_UNDECLARED_SELECTOR = YES;
				GCC_WARN_UNINITIALIZED_AUTOS = YES_AGGRESSIVE;
				GCC_WARN_UNUSED_FUNCTION = YES;
				GCC_WARN_UNUSED_VARIABLE = YES;
				IPHONEOS_DEPLOYMENT_TARGET = 13.2;
				MTL_ENABLE_DEBUG_INFO = INCLUDE_SOURCE;
				MTL_FAST_MATH = YES;
				ONLY_ACTIVE_ARCH = YES;
				SDKROOT = iphoneos;
				SWIFT_ACTIVE_COMPILATION_CONDITIONS = DEBUG;
				SWIFT_OPTIMIZATION_LEVEL = "-Onone";
			};
			name = Debug;
		};
		05FCDBD123A802960010E993 /* Release */ = {
			isa = XCBuildConfiguration;
			buildSettings = {
				ALWAYS_SEARCH_USER_PATHS = NO;
				CLANG_ANALYZER_NONNULL = YES;
				CLANG_ANALYZER_NUMBER_OBJECT_CONVERSION = YES_AGGRESSIVE;
				CLANG_CXX_LANGUAGE_STANDARD = "gnu++14";
				CLANG_CXX_LIBRARY = "libc++";
				CLANG_ENABLE_MODULES = YES;
				CLANG_ENABLE_OBJC_ARC = YES;
				CLANG_ENABLE_OBJC_WEAK = YES;
				CLANG_WARN_BLOCK_CAPTURE_AUTORELEASING = YES;
				CLANG_WARN_BOOL_CONVERSION = YES;
				CLANG_WARN_COMMA = YES;
				CLANG_WARN_CONSTANT_CONVERSION = YES;
				CLANG_WARN_DEPRECATED_OBJC_IMPLEMENTATIONS = YES;
				CLANG_WARN_DIRECT_OBJC_ISA_USAGE = YES_ERROR;
				CLANG_WARN_DOCUMENTATION_COMMENTS = YES;
				CLANG_WARN_EMPTY_BODY = YES;
				CLANG_WARN_ENUM_CONVERSION = YES;
				CLANG_WARN_INFINITE_RECURSION = YES;
				CLANG_WARN_INT_CONVERSION = YES;
				CLANG_WARN_NON_LITERAL_NULL_CONVERSION = YES;
				CLANG_WARN_OBJC_IMPLICIT_RETAIN_SELF = YES;
				CLANG_WARN_OBJC_LITERAL_CONVERSION = YES;
				CLANG_WARN_OBJC_ROOT_CLASS = YES_ERROR;
				CLANG_WARN_RANGE_LOOP_ANALYSIS = YES;
				CLANG_WARN_STRICT_PROTOTYPES = YES;
				CLANG_WARN_SUSPICIOUS_MOVE = YES;
				CLANG_WARN_UNGUARDED_AVAILABILITY = YES_AGGRESSIVE;
				CLANG_WARN_UNREACHABLE_CODE = YES;
				CLANG_WARN__DUPLICATE_METHOD_MATCH = YES;
				COPY_PHASE_STRIP = NO;
				DEBUG_INFORMATION_FORMAT = "dwarf-with-dsym";
				ENABLE_NS_ASSERTIONS = NO;
				ENABLE_STRICT_OBJC_MSGSEND = YES;
				GCC_C_LANGUAGE_STANDARD = gnu11;
				GCC_NO_COMMON_BLOCKS = YES;
				GCC_WARN_64_TO_32_BIT_CONVERSION = YES;
				GCC_WARN_ABOUT_RETURN_TYPE = YES_ERROR;
				GCC_WARN_UNDECLARED_SELECTOR = YES;
				GCC_WARN_UNINITIALIZED_AUTOS = YES_AGGRESSIVE;
				GCC_WARN_UNUSED_FUNCTION = YES;
				GCC_WARN_UNUSED_VARIABLE = YES;
				IPHONEOS_DEPLOYMENT_TARGET = 13.2;
				MTL_ENABLE_DEBUG_INFO = NO;
				MTL_FAST_MATH = YES;
				SDKROOT = iphoneos;
				SWIFT_COMPILATION_MODE = wholemodule;
				SWIFT_OPTIMIZATION_LEVEL = "-O";
				VALIDATE_PRODUCT = YES;
			};
			name = Release;
		};
		05FCDBD323A802960010E993 /* Debug */ = {
			isa = XCBuildConfiguration;
			baseConfigurationReference = B626593389AAD87D751FB827 /* Pods-dott.debug.xcconfig */;
			buildSettings = {
				ALWAYS_EMBED_SWIFT_STANDARD_LIBRARIES = YES;
				ASSETCATALOG_COMPILER_APPICON_NAME = AppIcon;
				CODE_SIGN_STYLE = Automatic;
				DEVELOPMENT_TEAM = RMWQMGE5WJ;
				INFOPLIST_FILE = dott/Info.plist;
				LD_RUNPATH_SEARCH_PATHS = (
					"$(inherited)",
					"@executable_path/Frameworks",
				);
				PRODUCT_BUNDLE_IDENTIFIER = co.ahtung.dott;
				PRODUCT_NAME = "$(TARGET_NAME)";
				SWIFT_VERSION = 5.0;
				TARGETED_DEVICE_FAMILY = "1,2";
			};
			name = Debug;
		};
		05FCDBD423A802960010E993 /* Release */ = {
			isa = XCBuildConfiguration;
			baseConfigurationReference = C683EB2C914383899140EBFD /* Pods-dott.release.xcconfig */;
			buildSettings = {
				ALWAYS_EMBED_SWIFT_STANDARD_LIBRARIES = YES;
				ASSETCATALOG_COMPILER_APPICON_NAME = AppIcon;
				CODE_SIGN_STYLE = Automatic;
				DEVELOPMENT_TEAM = RMWQMGE5WJ;
				INFOPLIST_FILE = dott/Info.plist;
				LD_RUNPATH_SEARCH_PATHS = (
					"$(inherited)",
					"@executable_path/Frameworks",
				);
				PRODUCT_BUNDLE_IDENTIFIER = co.ahtung.dott;
				PRODUCT_NAME = "$(TARGET_NAME)";
				SWIFT_VERSION = 5.0;
				TARGETED_DEVICE_FAMILY = "1,2";
			};
			name = Release;
		};
		05FCDBD623A802960010E993 /* Debug */ = {
			isa = XCBuildConfiguration;
			baseConfigurationReference = CC1C8615323AB52B673635AB /* Pods-dottTests.debug.xcconfig */;
			buildSettings = {
				ALWAYS_EMBED_SWIFT_STANDARD_LIBRARIES = YES;
				BUNDLE_LOADER = "$(TEST_HOST)";
				CODE_SIGN_STYLE = Automatic;
				DEVELOPMENT_TEAM = RMWQMGE5WJ;
				INFOPLIST_FILE = dottTests/Info.plist;
				IPHONEOS_DEPLOYMENT_TARGET = 13.2;
				LD_RUNPATH_SEARCH_PATHS = (
					"$(inherited)",
					"@executable_path/Frameworks",
					"@loader_path/Frameworks",
				);
				PRODUCT_BUNDLE_IDENTIFIER = co.ahtung.dottTests;
				PRODUCT_NAME = "$(TARGET_NAME)";
				SWIFT_VERSION = 5.0;
				TARGETED_DEVICE_FAMILY = "1,2";
				TEST_HOST = "$(BUILT_PRODUCTS_DIR)/dott.app/dott";
			};
			name = Debug;
		};
		05FCDBD723A802960010E993 /* Release */ = {
			isa = XCBuildConfiguration;
			baseConfigurationReference = B467462972862AD67D6984FF /* Pods-dottTests.release.xcconfig */;
			buildSettings = {
				ALWAYS_EMBED_SWIFT_STANDARD_LIBRARIES = YES;
				BUNDLE_LOADER = "$(TEST_HOST)";
				CODE_SIGN_STYLE = Automatic;
				DEVELOPMENT_TEAM = RMWQMGE5WJ;
				INFOPLIST_FILE = dottTests/Info.plist;
				IPHONEOS_DEPLOYMENT_TARGET = 13.2;
				LD_RUNPATH_SEARCH_PATHS = (
					"$(inherited)",
					"@executable_path/Frameworks",
					"@loader_path/Frameworks",
				);
				PRODUCT_BUNDLE_IDENTIFIER = co.ahtung.dottTests;
				PRODUCT_NAME = "$(TARGET_NAME)";
				SWIFT_VERSION = 5.0;
				TARGETED_DEVICE_FAMILY = "1,2";
				TEST_HOST = "$(BUILT_PRODUCTS_DIR)/dott.app/dott";
			};
			name = Release;
		};
		05FCDBD923A802960010E993 /* Debug */ = {
			isa = XCBuildConfiguration;
			baseConfigurationReference = 40E444A5D86BEF7E7F5F3CC0 /* Pods-dott-dottUITests.debug.xcconfig */;
			buildSettings = {
				ALWAYS_EMBED_SWIFT_STANDARD_LIBRARIES = YES;
				CODE_SIGN_STYLE = Automatic;
				DEVELOPMENT_TEAM = RMWQMGE5WJ;
				INFOPLIST_FILE = dottUITests/Info.plist;
				LD_RUNPATH_SEARCH_PATHS = (
					"$(inherited)",
					"@executable_path/Frameworks",
					"@loader_path/Frameworks",
				);
				PRODUCT_BUNDLE_IDENTIFIER = co.ahtung.dottUITests;
				PRODUCT_NAME = "$(TARGET_NAME)";
				SWIFT_VERSION = 5.0;
				TARGETED_DEVICE_FAMILY = "1,2";
				TEST_TARGET_NAME = dott;
			};
			name = Debug;
		};
		05FCDBDA23A802960010E993 /* Release */ = {
			isa = XCBuildConfiguration;
			baseConfigurationReference = 1C541AB6F210D06DC14B638D /* Pods-dott-dottUITests.release.xcconfig */;
			buildSettings = {
				ALWAYS_EMBED_SWIFT_STANDARD_LIBRARIES = YES;
				CODE_SIGN_STYLE = Automatic;
				DEVELOPMENT_TEAM = RMWQMGE5WJ;
				INFOPLIST_FILE = dottUITests/Info.plist;
				LD_RUNPATH_SEARCH_PATHS = (
					"$(inherited)",
					"@executable_path/Frameworks",
					"@loader_path/Frameworks",
				);
				PRODUCT_BUNDLE_IDENTIFIER = co.ahtung.dottUITests;
				PRODUCT_NAME = "$(TARGET_NAME)";
				SWIFT_VERSION = 5.0;
				TARGETED_DEVICE_FAMILY = "1,2";
				TEST_TARGET_NAME = dott;
			};
			name = Release;
		};
		05FCDC0023A806030010E993 /* Debug */ = {
			isa = XCBuildConfiguration;
			baseConfigurationReference = 754E0F04DE5D7A2644742A9D /* Pods-dottDataKit.debug.xcconfig */;
			buildSettings = {
				CLANG_ENABLE_MODULES = YES;
				CODE_SIGN_STYLE = Automatic;
				CURRENT_PROJECT_VERSION = 1;
				DEFINES_MODULE = YES;
				DEVELOPMENT_TEAM = RMWQMGE5WJ;
				DYLIB_COMPATIBILITY_VERSION = 1;
				DYLIB_CURRENT_VERSION = 1;
				DYLIB_INSTALL_NAME_BASE = "@rpath";
				INFOPLIST_FILE = dottDataKit/Info.plist;
				INSTALL_PATH = "$(LOCAL_LIBRARY_DIR)/Frameworks";
				LD_RUNPATH_SEARCH_PATHS = (
					"$(inherited)",
					"@executable_path/Frameworks",
					"@loader_path/Frameworks",
				);
				PRODUCT_BUNDLE_IDENTIFIER = co.ahtung.dottDataKit;
				PRODUCT_NAME = "$(TARGET_NAME:c99extidentifier)";
				SKIP_INSTALL = YES;
				SWIFT_OPTIMIZATION_LEVEL = "-Onone";
				SWIFT_VERSION = 5.0;
				TARGETED_DEVICE_FAMILY = "1,2";
				VERSIONING_SYSTEM = "apple-generic";
				VERSION_INFO_PREFIX = "";
			};
			name = Debug;
		};
		05FCDC0123A806030010E993 /* Release */ = {
			isa = XCBuildConfiguration;
			baseConfigurationReference = E66C476A689C58C0EC4ED8F5 /* Pods-dottDataKit.release.xcconfig */;
			buildSettings = {
				CLANG_ENABLE_MODULES = YES;
				CODE_SIGN_STYLE = Automatic;
				CURRENT_PROJECT_VERSION = 1;
				DEFINES_MODULE = YES;
				DEVELOPMENT_TEAM = RMWQMGE5WJ;
				DYLIB_COMPATIBILITY_VERSION = 1;
				DYLIB_CURRENT_VERSION = 1;
				DYLIB_INSTALL_NAME_BASE = "@rpath";
				INFOPLIST_FILE = dottDataKit/Info.plist;
				INSTALL_PATH = "$(LOCAL_LIBRARY_DIR)/Frameworks";
				LD_RUNPATH_SEARCH_PATHS = (
					"$(inherited)",
					"@executable_path/Frameworks",
					"@loader_path/Frameworks",
				);
				PRODUCT_BUNDLE_IDENTIFIER = co.ahtung.dottDataKit;
				PRODUCT_NAME = "$(TARGET_NAME:c99extidentifier)";
				SKIP_INSTALL = YES;
				SWIFT_VERSION = 5.0;
				TARGETED_DEVICE_FAMILY = "1,2";
				VERSIONING_SYSTEM = "apple-generic";
				VERSION_INFO_PREFIX = "";
			};
			name = Release;
		};
		05FCDC0423A806030010E993 /* Debug */ = {
			isa = XCBuildConfiguration;
			baseConfigurationReference = B515CFE1C1C0D2728A65C37B /* Pods-dottDataKitTests.debug.xcconfig */;
			buildSettings = {
				ALWAYS_EMBED_SWIFT_STANDARD_LIBRARIES = YES;
				CODE_SIGN_STYLE = Automatic;
				DEVELOPMENT_TEAM = RMWQMGE5WJ;
				INFOPLIST_FILE = dottDataKitTests/Info.plist;
				LD_RUNPATH_SEARCH_PATHS = (
					"$(inherited)",
					"@executable_path/Frameworks",
					"@loader_path/Frameworks",
				);
				PRODUCT_BUNDLE_IDENTIFIER = co.ahtung.dottDataKitTests;
				PRODUCT_NAME = "$(TARGET_NAME)";
				SWIFT_VERSION = 5.0;
				TARGETED_DEVICE_FAMILY = "1,2";
				TEST_HOST = "$(BUILT_PRODUCTS_DIR)/dott.app/dott";
			};
			name = Debug;
		};
		05FCDC0523A806030010E993 /* Release */ = {
			isa = XCBuildConfiguration;
			baseConfigurationReference = AA4E9A80A5F88E2F49F55CEA /* Pods-dottDataKitTests.release.xcconfig */;
			buildSettings = {
				ALWAYS_EMBED_SWIFT_STANDARD_LIBRARIES = YES;
				CODE_SIGN_STYLE = Automatic;
				DEVELOPMENT_TEAM = RMWQMGE5WJ;
				INFOPLIST_FILE = dottDataKitTests/Info.plist;
				LD_RUNPATH_SEARCH_PATHS = (
					"$(inherited)",
					"@executable_path/Frameworks",
					"@loader_path/Frameworks",
				);
				PRODUCT_BUNDLE_IDENTIFIER = co.ahtung.dottDataKitTests;
				PRODUCT_NAME = "$(TARGET_NAME)";
				SWIFT_VERSION = 5.0;
				TARGETED_DEVICE_FAMILY = "1,2";
				TEST_HOST = "$(BUILT_PRODUCTS_DIR)/dott.app/dott";
			};
			name = Release;
		};
/* End XCBuildConfiguration section */

/* Begin XCConfigurationList section */
		05FCDBA323A802950010E993 /* Build configuration list for PBXProject "dott" */ = {
			isa = XCConfigurationList;
			buildConfigurations = (
				05FCDBD023A802960010E993 /* Debug */,
				05FCDBD123A802960010E993 /* Release */,
			);
			defaultConfigurationIsVisible = 0;
			defaultConfigurationName = Release;
		};
		05FCDBD223A802960010E993 /* Build configuration list for PBXNativeTarget "dott" */ = {
			isa = XCConfigurationList;
			buildConfigurations = (
				05FCDBD323A802960010E993 /* Debug */,
				05FCDBD423A802960010E993 /* Release */,
			);
			defaultConfigurationIsVisible = 0;
			defaultConfigurationName = Release;
		};
		05FCDBD523A802960010E993 /* Build configuration list for PBXNativeTarget "dottTests" */ = {
			isa = XCConfigurationList;
			buildConfigurations = (
				05FCDBD623A802960010E993 /* Debug */,
				05FCDBD723A802960010E993 /* Release */,
			);
			defaultConfigurationIsVisible = 0;
			defaultConfigurationName = Release;
		};
		05FCDBD823A802960010E993 /* Build configuration list for PBXNativeTarget "dottUITests" */ = {
			isa = XCConfigurationList;
			buildConfigurations = (
				05FCDBD923A802960010E993 /* Debug */,
				05FCDBDA23A802960010E993 /* Release */,
			);
			defaultConfigurationIsVisible = 0;
			defaultConfigurationName = Release;
		};
		05FCDBFF23A806030010E993 /* Build configuration list for PBXNativeTarget "dottDataKit" */ = {
			isa = XCConfigurationList;
			buildConfigurations = (
				05FCDC0023A806030010E993 /* Debug */,
				05FCDC0123A806030010E993 /* Release */,
			);
			defaultConfigurationIsVisible = 0;
			defaultConfigurationName = Release;
		};
		05FCDC0323A806030010E993 /* Build configuration list for PBXNativeTarget "dottDataKitTests" */ = {
			isa = XCConfigurationList;
			buildConfigurations = (
				05FCDC0423A806030010E993 /* Debug */,
				05FCDC0523A806030010E993 /* Release */,
			);
			defaultConfigurationIsVisible = 0;
			defaultConfigurationName = Release;
		};
/* End XCConfigurationList section */
	};
	rootObject = 05FCDBA023A802950010E993 /* Project object */;
}
